
Microsoft Visual Studio Solution File, Format Version 12.00
# Visual Studio Version 17
VisualStudioVersion = 17.3.32825.248
MinimumVisualStudioVersion = 10.0.40219.1
Project("{FAE04EC0-301F-11D3-BF4B-00C04F79EFBC}") = "Pharmacy_Managment_System", "Pharmacy_Managment_System.csproj", "{137FC58C-32D8-4028-9A52-5080B942B5DE}"
EndProject
Global
	GlobalSection(SolutionConfigurationPlatforms) = preSolution
		Debug|Any CPU = Debug|Any CPU
		Release|Any CPU = Release|Any CPU
	EndGlobalSection
	GlobalSection(ProjectConfigurationPlatforms) = postSolution
		{137FC58C-32D8-4028-9A52-5080B942B5DE}.Debug|Any CPU.ActiveCfg = Debug|Any CPU
		{137FC58C-32D8-4028-9A52-5080B942B5DE}.Debug|Any CPU.Build.0 = Debug|Any CPU
		{137FC58C-32D8-4028-9A52-5080B942B5DE}.Release|Any CPU.ActiveCfg = Release|Any CPU
		{137FC58C-32D8-4028-9A52-5080B942B5DE}.Release|Any CPU.Build.0 = Release|Any CPU
	EndGlobalSection
	GlobalSection(SolutionProperties) = preSolution
		HideSolutionNode = FALSE
	EndGlobalSection
	GlobalSection(ExtensibilityGlobals) = postSolution
		SolutionGuid = {512E765C-B916-438D-97AA-9A2EBBD3C6CB}
	EndGlobalSection
EndGlobal
